// !$*UTF8*$!
{
	archiveVersion = 1;
	classes = {
	};
	objectVersion = 46;
	objects = {

/* Begin PBXBuildFile section */
		DB17C44821B87623003D6740 /* NSRangeTests.swift in Sources */ = {isa = PBXBuildFile; fileRef = DB17C44721B87623003D6740 /* NSRangeTests.swift */; };
		DB17C44921B877AB003D6740 /* MentionsArrayTests.swift in Sources */ = {isa = PBXBuildFile; fileRef = DB4A8BD721B61D2E004490A6 /* MentionsArrayTests.swift */; };
		DB17C44A21B877AF003D6740 /* NSAttributedStringTests.swift in Sources */ = {isa = PBXBuildFile; fileRef = DB4A8BD921B62371004490A6 /* NSAttributedStringTests.swift */; };
		DB17C44B21B877B1003D6740 /* VerifierTests.swift in Sources */ = {isa = PBXBuildFile; fileRef = DB0AB4A31EAAC175003F84DB /* VerifierTests.swift */; };
		DB17C44C21B877B4003D6740 /* StringTests.swift in Sources */ = {isa = PBXBuildFile; fileRef = DB4A8BDB21B6262A004490A6 /* StringTests.swift */; };
		DB17C45521B88307003D6740 /* CreateMentionTests.swift in Sources */ = {isa = PBXBuildFile; fileRef = DB17C44E21B87A10003D6740 /* CreateMentionTests.swift */; };
		DB17C45621B88307003D6740 /* DelegatesTests.swift in Sources */ = {isa = PBXBuildFile; fileRef = DB0AB4A51EAAC48A003F84DB /* DelegatesTests.swift */; };
		DB17C45721B88307003D6740 /* MentionsDisplayTests.swift in Sources */ = {isa = PBXBuildFile; fileRef = DB3DB5DA1EA176FC004CBD91 /* MentionsDisplayTests.swift */; };
		DB1940B121B99FDB00CE2EDE /* AttributeContainerTests.swift in Sources */ = {isa = PBXBuildFile; fileRef = DB1940B021B99FDB00CE2EDE /* AttributeContainerTests.swift */; };
		DB1940B321B9BAC300CE2EDE /* Operators.swift in Sources */ = {isa = PBXBuildFile; fileRef = DB1940B221B9BAC300CE2EDE /* Operators.swift */; };
		DB1940B521B9DAAB00CE2EDE /* OperatorsTests.swift in Sources */ = {isa = PBXBuildFile; fileRef = DB1940B421B9DAAB00CE2EDE /* OperatorsTests.swift */; };
		DB1DF4B31F74A2AD00EA8E63 /* Attribute.swift in Sources */ = {isa = PBXBuildFile; fileRef = DB1DF4B21F74A2AD00EA8E63 /* Attribute.swift */; };
		DB1DF4B51F74A3D200EA8E63 /* Mention.swift in Sources */ = {isa = PBXBuildFile; fileRef = DB1DF4B41F74A3D200EA8E63 /* Mention.swift */; };
		DB1DF4BB1F74A66700EA8E63 /* CreateMention.swift in Sources */ = {isa = PBXBuildFile; fileRef = DB1DF4BA1F74A66700EA8E63 /* CreateMention.swift */; };
		DB2330171E24832D00242C33 /* Verifier.swift in Sources */ = {isa = PBXBuildFile; fileRef = DB2330161E24832D00242C33 /* Verifier.swift */; };
		DB632EA72246632F009CF525 /* Mention.swift in Headers */ = {isa = PBXBuildFile; fileRef = DB1DF4B41F74A3D200EA8E63 /* Mention.swift */; settings = {ATTRIBUTES = (Public, ); }; };
		DB632EA822466338009CF525 /* CreateMention.swift in Headers */ = {isa = PBXBuildFile; fileRef = DB1DF4BA1F74A66700EA8E63 /* CreateMention.swift */; settings = {ATTRIBUTES = (Public, ); }; };
		DB6C1C1121B6BBE500C178AC /* NSAttributedString.swift in Sources */ = {isa = PBXBuildFile; fileRef = DB6C1C1021B6BBE500C178AC /* NSAttributedString.swift */; };
		DB6C1C1321B7140100C178AC /* NSRange.swift in Sources */ = {isa = PBXBuildFile; fileRef = DB6C1C1221B7140100C178AC /* NSRange.swift */; };
		DB83882722467B6500F9D8C8 /* Quick.framework in Frameworks */ = {isa = PBXBuildFile; fileRef = DB83882522467B6500F9D8C8 /* Quick.framework */; };
		DB83882822467B6500F9D8C8 /* Nimble.framework in Frameworks */ = {isa = PBXBuildFile; fileRef = DB83882622467B6500F9D8C8 /* Nimble.framework */; };
		DBC779F31FDB6161006CD115 /* String.swift in Sources */ = {isa = PBXBuildFile; fileRef = DBC779F21FDB6161006CD115 /* String.swift */; };
		DBDC67BE21B88B0F000CF22C /* AddingMentionsTests.swift in Sources */ = {isa = PBXBuildFile; fileRef = DB3DB5DC1EA17EB8004CBD91 /* AddingMentionsTests.swift */; };
		DBDC67C121B8B0F0000CF22C /* Helper.swift in Sources */ = {isa = PBXBuildFile; fileRef = DBDC67C021B8B0F0000CF22C /* Helper.swift */; };
		DBE8B4A31C657F200090EF32 /* MentionsArray.swift in Sources */ = {isa = PBXBuildFile; fileRef = DBE8B49D1C657F200090EF32 /* MentionsArray.swift */; };
		DBE8B4A41C657F200090EF32 /* AttributeContainer.swift in Sources */ = {isa = PBXBuildFile; fileRef = DBE8B49E1C657F200090EF32 /* AttributeContainer.swift */; };
		DBE8B4A61C657F200090EF32 /* MentionListener.swift in Sources */ = {isa = PBXBuildFile; fileRef = DBE8B4A01C657F200090EF32 /* MentionListener.swift */; };
		DBE8B4B41C6580360090EF32 /* AttributeContainer.swift in Headers */ = {isa = PBXBuildFile; fileRef = DBE8B49E1C657F200090EF32 /* AttributeContainer.swift */; settings = {ATTRIBUTES = (Public, ); }; };
		DBE8B4B61C6580360090EF32 /* MentionListener.swift in Headers */ = {isa = PBXBuildFile; fileRef = DBE8B4A01C657F200090EF32 /* MentionListener.swift */; settings = {ATTRIBUTES = (Public, ); }; };
		DBF2DF611C4B1067001B9788 /* SZMentionsSwift.framework in Frameworks */ = {isa = PBXBuildFile; fileRef = DB0403BD1C44A017000904DB /* SZMentionsSwift.framework */; };
/* End PBXBuildFile section */

/* Begin PBXContainerItemProxy section */
		DBF2DF621C4B1067001B9788 /* PBXContainerItemProxy */ = {
			isa = PBXContainerItemProxy;
			containerPortal = DB0403B41C44A017000904DB /* Project object */;
			proxyType = 1;
			remoteGlobalIDString = DB0403BC1C44A017000904DB;
			remoteInfo = SZMentionsSwift;
		};
/* End PBXContainerItemProxy section */

/* Begin PBXFileReference section */
		DB0403BD1C44A017000904DB /* SZMentionsSwift.framework */ = {isa = PBXFileReference; explicitFileType = wrapper.framework; includeInIndex = 0; path = SZMentionsSwift.framework; sourceTree = BUILT_PRODUCTS_DIR; };
		DB0AB4A31EAAC175003F84DB /* VerifierTests.swift */ = {isa = PBXFileReference; fileEncoding = 4; lastKnownFileType = sourcecode.swift; path = VerifierTests.swift; sourceTree = "<group>"; };
		DB0AB4A51EAAC48A003F84DB /* DelegatesTests.swift */ = {isa = PBXFileReference; fileEncoding = 4; lastKnownFileType = sourcecode.swift; path = DelegatesTests.swift; sourceTree = "<group>"; };
		DB17C44721B87623003D6740 /* NSRangeTests.swift */ = {isa = PBXFileReference; fileEncoding = 4; lastKnownFileType = sourcecode.swift; path = NSRangeTests.swift; sourceTree = "<group>"; };
		DB17C44E21B87A10003D6740 /* CreateMentionTests.swift */ = {isa = PBXFileReference; fileEncoding = 4; lastKnownFileType = sourcecode.swift; path = CreateMentionTests.swift; sourceTree = "<group>"; };
		DB1940B021B99FDB00CE2EDE /* AttributeContainerTests.swift */ = {isa = PBXFileReference; fileEncoding = 4; lastKnownFileType = sourcecode.swift; path = AttributeContainerTests.swift; sourceTree = "<group>"; };
		DB1940B221B9BAC300CE2EDE /* Operators.swift */ = {isa = PBXFileReference; lastKnownFileType = sourcecode.swift; path = Operators.swift; sourceTree = "<group>"; };
		DB1940B421B9DAAB00CE2EDE /* OperatorsTests.swift */ = {isa = PBXFileReference; lastKnownFileType = sourcecode.swift; path = OperatorsTests.swift; sourceTree = "<group>"; };
		DB1DF4B21F74A2AD00EA8E63 /* Attribute.swift */ = {isa = PBXFileReference; lastKnownFileType = sourcecode.swift; path = Attribute.swift; sourceTree = "<group>"; };
		DB1DF4B41F74A3D200EA8E63 /* Mention.swift */ = {isa = PBXFileReference; lastKnownFileType = sourcecode.swift; path = Mention.swift; sourceTree = "<group>"; };
		DB1DF4BA1F74A66700EA8E63 /* CreateMention.swift */ = {isa = PBXFileReference; lastKnownFileType = sourcecode.swift; path = CreateMention.swift; sourceTree = "<group>"; };
		DB2330161E24832D00242C33 /* Verifier.swift */ = {isa = PBXFileReference; fileEncoding = 4; lastKnownFileType = sourcecode.swift; path = Verifier.swift; sourceTree = "<group>"; };
		DB3DB5DA1EA176FC004CBD91 /* MentionsDisplayTests.swift */ = {isa = PBXFileReference; fileEncoding = 4; lastKnownFileType = sourcecode.swift; path = MentionsDisplayTests.swift; sourceTree = "<group>"; };
		DB3DB5DC1EA17EB8004CBD91 /* AddingMentionsTests.swift */ = {isa = PBXFileReference; fileEncoding = 4; lastKnownFileType = sourcecode.swift; path = AddingMentionsTests.swift; sourceTree = "<group>"; };
		DB4A8BD721B61D2E004490A6 /* MentionsArrayTests.swift */ = {isa = PBXFileReference; lastKnownFileType = sourcecode.swift; path = MentionsArrayTests.swift; sourceTree = "<group>"; };
		DB4A8BD921B62371004490A6 /* NSAttributedStringTests.swift */ = {isa = PBXFileReference; lastKnownFileType = sourcecode.swift; path = NSAttributedStringTests.swift; sourceTree = "<group>"; };
		DB4A8BDB21B6262A004490A6 /* StringTests.swift */ = {isa = PBXFileReference; lastKnownFileType = sourcecode.swift; path = StringTests.swift; sourceTree = "<group>"; };
		DB5605D222466F8D0072F95B /* Nimble.framework */ = {isa = PBXFileReference; lastKnownFileType = wrapper.framework; name = Nimble.framework; path = ../Carthage/Build/iOS/Nimble.framework; sourceTree = "<group>"; };
		DB5605D322466F8D0072F95B /* Quick.framework */ = {isa = PBXFileReference; lastKnownFileType = wrapper.framework; name = Quick.framework; path = ../Carthage/Build/iOS/Quick.framework; sourceTree = "<group>"; };
		DB5605D622466F9C0072F95B /* SwiftFormat.framework */ = {isa = PBXFileReference; lastKnownFileType = wrapper.framework; name = SwiftFormat.framework; path = ../Carthage/Build/Mac/SwiftFormat.framework; sourceTree = "<group>"; };
		DB6C1C1021B6BBE500C178AC /* NSAttributedString.swift */ = {isa = PBXFileReference; lastKnownFileType = sourcecode.swift; path = NSAttributedString.swift; sourceTree = "<group>"; };
		DB6C1C1221B7140100C178AC /* NSRange.swift */ = {isa = PBXFileReference; lastKnownFileType = sourcecode.swift; path = NSRange.swift; sourceTree = "<group>"; };
		DB83882322467B0400F9D8C8 /* Info.plist */ = {isa = PBXFileReference; fileEncoding = 4; lastKnownFileType = text.plist.xml; path = Info.plist; sourceTree = "<group>"; };
		DB83882522467B6500F9D8C8 /* Quick.framework */ = {isa = PBXFileReference; lastKnownFileType = wrapper.framework; name = Quick.framework; path = Carthage/Build/iOS/Quick.framework; sourceTree = "<group>"; };
		DB83882622467B6500F9D8C8 /* Nimble.framework */ = {isa = PBXFileReference; lastKnownFileType = wrapper.framework; name = Nimble.framework; path = Carthage/Build/iOS/Nimble.framework; sourceTree = "<group>"; };
		DB83882922467BE000F9D8C8 /* SwiftFormat.framework */ = {isa = PBXFileReference; lastKnownFileType = wrapper.framework; name = SwiftFormat.framework; path = Carthage/Build/Mac/SwiftFormat.framework; sourceTree = "<group>"; };
		DBC779F21FDB6161006CD115 /* String.swift */ = {isa = PBXFileReference; lastKnownFileType = sourcecode.swift; path = String.swift; sourceTree = "<group>"; };
		DBDC67C021B8B0F0000CF22C /* Helper.swift */ = {isa = PBXFileReference; lastKnownFileType = sourcecode.swift; path = Helper.swift; sourceTree = "<group>"; };
		DBE8B49D1C657F200090EF32 /* MentionsArray.swift */ = {isa = PBXFileReference; fileEncoding = 4; lastKnownFileType = sourcecode.swift; path = MentionsArray.swift; sourceTree = "<group>"; };
		DBE8B49E1C657F200090EF32 /* AttributeContainer.swift */ = {isa = PBXFileReference; fileEncoding = 4; lastKnownFileType = sourcecode.swift; path = AttributeContainer.swift; sourceTree = "<group>"; };
		DBE8B4A01C657F200090EF32 /* MentionListener.swift */ = {isa = PBXFileReference; fileEncoding = 4; lastKnownFileType = sourcecode.swift; path = MentionListener.swift; sourceTree = "<group>"; };
		DBF2DF5C1C4B1067001B9788 /* SZMentionsSwiftTests.xctest */ = {isa = PBXFileReference; explicitFileType = wrapper.cfbundle; includeInIndex = 0; path = SZMentionsSwiftTests.xctest; sourceTree = BUILT_PRODUCTS_DIR; };
		DBF2DF601C4B1067001B9788 /* Info.plist */ = {isa = PBXFileReference; lastKnownFileType = text.plist.xml; path = Info.plist; sourceTree = "<group>"; };
/* End PBXFileReference section */

/* Begin PBXFrameworksBuildPhase section */
		DB0403B91C44A017000904DB /* Frameworks */ = {
			isa = PBXFrameworksBuildPhase;
			buildActionMask = 2147483647;
			files = (
			);
			runOnlyForDeploymentPostprocessing = 0;
		};
		DBF2DF591C4B1067001B9788 /* Frameworks */ = {
			isa = PBXFrameworksBuildPhase;
			buildActionMask = 2147483647;
			files = (
				DB83882722467B6500F9D8C8 /* Quick.framework in Frameworks */,
				DB83882822467B6500F9D8C8 /* Nimble.framework in Frameworks */,
				DBF2DF611C4B1067001B9788 /* SZMentionsSwift.framework in Frameworks */,
			);
			runOnlyForDeploymentPostprocessing = 0;
		};
/* End PBXFrameworksBuildPhase section */

/* Begin PBXGroup section */
		B88B7507E1E84E460B9A5ACC /* Frameworks */ = {
			isa = PBXGroup;
			children = (
				DB83882922467BE000F9D8C8 /* SwiftFormat.framework */,
				DB83882622467B6500F9D8C8 /* Nimble.framework */,
				DB83882522467B6500F9D8C8 /* Quick.framework */,
				DB5605D622466F9C0072F95B /* SwiftFormat.framework */,
				DB5605D222466F8D0072F95B /* Nimble.framework */,
				DB5605D322466F8D0072F95B /* Quick.framework */,
			);
			name = Frameworks;
			sourceTree = "<group>";
		};
		DB0403B31C44A017000904DB = {
			isa = PBXGroup;
			children = (
				DBE8B4991C657F200090EF32 /* Classes */,
				B88B7507E1E84E460B9A5ACC /* Frameworks */,
				DB83882322467B0400F9D8C8 /* Info.plist */,
				DB0403BE1C44A017000904DB /* Products */,
				DBF2DF5D1C4B1067001B9788 /* SZMentionsSwiftTests */,
			);
			sourceTree = "<group>";
		};
		DB0403BE1C44A017000904DB /* Products */ = {
			isa = PBXGroup;
			children = (
				DB0403BD1C44A017000904DB /* SZMentionsSwift.framework */,
				DBF2DF5C1C4B1067001B9788 /* SZMentionsSwiftTests.xctest */,
			);
			name = Products;
			sourceTree = "<group>";
		};
		DB17C44D21B879AD003D6740 /* Internal */ = {
			isa = PBXGroup;
			children = (
				DB4A8BD721B61D2E004490A6 /* MentionsArrayTests.swift */,
				DB4A8BD921B62371004490A6 /* NSAttributedStringTests.swift */,
				DB17C44721B87623003D6740 /* NSRangeTests.swift */,
				DB4A8BDB21B6262A004490A6 /* StringTests.swift */,
				DB0AB4A31EAAC175003F84DB /* VerifierTests.swift */,
			);
			path = Internal;
			sourceTree = "<group>";
		};
		DBDC67BF21B8B0DF000CF22C /* Test Helpers */ = {
			isa = PBXGroup;
			children = (
				DBDC67C021B8B0F0000CF22C /* Helper.swift */,
			);
			path = "Test Helpers";
			sourceTree = "<group>";
		};
		DBE8B4991C657F200090EF32 /* Classes */ = {
			isa = PBXGroup;
			children = (
				DBE8B49E1C657F200090EF32 /* AttributeContainer.swift */,
				DB1DF4BA1F74A66700EA8E63 /* CreateMention.swift */,
				DBE8B49A1C657F200090EF32 /* Internal */,
				DB1DF4B41F74A3D200EA8E63 /* Mention.swift */,
				DBE8B4A01C657F200090EF32 /* MentionListener.swift */,
			);
			path = Classes;
			sourceTree = SOURCE_ROOT;
		};
		DBE8B49A1C657F200090EF32 /* Internal */ = {
			isa = PBXGroup;
			children = (
				DB1DF4B21F74A2AD00EA8E63 /* Attribute.swift */,
				DBE8B49D1C657F200090EF32 /* MentionsArray.swift */,
				DB6C1C1021B6BBE500C178AC /* NSAttributedString.swift */,
				DB6C1C1221B7140100C178AC /* NSRange.swift */,
				DB1940B221B9BAC300CE2EDE /* Operators.swift */,
				DBC779F21FDB6161006CD115 /* String.swift */,
				DB2330161E24832D00242C33 /* Verifier.swift */,
			);
			path = Internal;
			sourceTree = "<group>";
		};
		DBF2DF5D1C4B1067001B9788 /* SZMentionsSwiftTests */ = {
			isa = PBXGroup;
			children = (
				DB3DB5DC1EA17EB8004CBD91 /* AddingMentionsTests.swift */,
				DB1940B021B99FDB00CE2EDE /* AttributeContainerTests.swift */,
				DB17C44E21B87A10003D6740 /* CreateMentionTests.swift */,
				DB0AB4A51EAAC48A003F84DB /* DelegatesTests.swift */,
				DBF2DF601C4B1067001B9788 /* Info.plist */,
				DB17C44D21B879AD003D6740 /* Internal */,
				DB3DB5DA1EA176FC004CBD91 /* MentionsDisplayTests.swift */,
				DB1940B421B9DAAB00CE2EDE /* OperatorsTests.swift */,
				DBDC67BF21B8B0DF000CF22C /* Test Helpers */,
			);
			path = SZMentionsSwiftTests;
			sourceTree = "<group>";
		};
/* End PBXGroup section */

/* Begin PBXHeadersBuildPhase section */
		DB0403BA1C44A017000904DB /* Headers */ = {
			isa = PBXHeadersBuildPhase;
			buildActionMask = 2147483647;
			files = (
				DBE8B4B41C6580360090EF32 /* AttributeContainer.swift in Headers */,
				DB632EA822466338009CF525 /* CreateMention.swift in Headers */,
				DB632EA72246632F009CF525 /* Mention.swift in Headers */,
				DBE8B4B61C6580360090EF32 /* MentionListener.swift in Headers */,
			);
			runOnlyForDeploymentPostprocessing = 0;
		};
/* End PBXHeadersBuildPhase section */

/* Begin PBXNativeTarget section */
		DB0403BC1C44A017000904DB /* SZMentionsSwift */ = {
			isa = PBXNativeTarget;
			buildConfigurationList = DB0403D11C44A017000904DB /* Build configuration list for PBXNativeTarget "SZMentionsSwift" */;
			buildPhases = (
				DB83882B22467BEC00F9D8C8 /* SwiftFormat */,
				DB0403B81C44A017000904DB /* Sources */,
				DB0403B91C44A017000904DB /* Frameworks */,
				DB0403BA1C44A017000904DB /* Headers */,
				DB0403BB1C44A017000904DB /* Resources */,
			);
			buildRules = (
			);
			dependencies = (
			);
			name = SZMentionsSwift;
			productName = SZMentionsSwift;
			productReference = DB0403BD1C44A017000904DB /* SZMentionsSwift.framework */;
			productType = "com.apple.product-type.framework";
		};
		DBF2DF5B1C4B1067001B9788 /* SZMentionsSwiftTests */ = {
			isa = PBXNativeTarget;
			buildConfigurationList = DBF2DF661C4B1067001B9788 /* Build configuration list for PBXNativeTarget "SZMentionsSwiftTests" */;
			buildPhases = (
				DB83882C22467D5F00F9D8C8 /* SwiftFormat */,
				DB19955C22467A3000E8D52D /* Carthage */,
				DBF2DF581C4B1067001B9788 /* Sources */,
				DBF2DF591C4B1067001B9788 /* Frameworks */,
				DBF2DF5A1C4B1067001B9788 /* Resources */,
			);
			buildRules = (
			);
			dependencies = (
				DBF2DF631C4B1067001B9788 /* PBXTargetDependency */,
			);
			name = SZMentionsSwiftTests;
			productName = SZMentionsSwiftTests;
			productReference = DBF2DF5C1C4B1067001B9788 /* SZMentionsSwiftTests.xctest */;
			productType = "com.apple.product-type.bundle.unit-test";
		};
/* End PBXNativeTarget section */

/* Begin PBXProject section */
		DB0403B41C44A017000904DB /* Project object */ = {
			isa = PBXProject;
			attributes = {
				LastSwiftUpdateCheck = 0720;
				LastUpgradeCheck = 0940;
				ORGANIZATIONNAME = "Steven Zweier";
				TargetAttributes = {
					DB0403BC1C44A017000904DB = {
						CreatedOnToolsVersion = 7.2;
						LastSwiftMigration = 1010;
					};
					DBF2DF5B1C4B1067001B9788 = {
						CreatedOnToolsVersion = 7.2;
						LastSwiftMigration = 1010;
						ProvisioningStyle = Manual;
					};
				};
			};
			buildConfigurationList = DB0403B71C44A017000904DB /* Build configuration list for PBXProject "SZMentionsSwift" */;
			compatibilityVersion = "Xcode 3.2";
			developmentRegion = English;
			hasScannedForEncodings = 0;
			knownRegions = (
				en,
			);
			mainGroup = DB0403B31C44A017000904DB;
			productRefGroup = DB0403BE1C44A017000904DB /* Products */;
			projectDirPath = "";
			projectRoot = "";
			targets = (
				DB0403BC1C44A017000904DB /* SZMentionsSwift */,
				DBF2DF5B1C4B1067001B9788 /* SZMentionsSwiftTests */,
			);
		};
/* End PBXProject section */

/* Begin PBXResourcesBuildPhase section */
		DB0403BB1C44A017000904DB /* Resources */ = {
			isa = PBXResourcesBuildPhase;
			buildActionMask = 2147483647;
			files = (
			);
			runOnlyForDeploymentPostprocessing = 0;
		};
		DBF2DF5A1C4B1067001B9788 /* Resources */ = {
			isa = PBXResourcesBuildPhase;
			buildActionMask = 2147483647;
			files = (
			);
			runOnlyForDeploymentPostprocessing = 0;
		};
/* End PBXResourcesBuildPhase section */

/* Begin PBXShellScriptBuildPhase section */
		DB19955C22467A3000E8D52D /* Carthage */ = {
			isa = PBXShellScriptBuildPhase;
			buildActionMask = 2147483647;
			files = (
			);
			inputFileListPaths = (
			);
			inputPaths = (
				"$(SRCROOT)/Carthage/Build/iOS/Quick.framework",
				"$(SRCROOT)/Carthage/Build/iOS/Nimble.framework",
			);
			name = Carthage;
			outputFileListPaths = (
			);
			outputPaths = (
				"$(BUILT_PRODUCTS_DIR)/$(FRAMEWORKS_FOLDER_PATH)/Quick.framework",
				"$(BUILT_PRODUCTS_DIR)/$(FRAMEWORKS_FOLDER_PATH)/Nimble.framework",
			);
			runOnlyForDeploymentPostprocessing = 0;
			shellPath = /bin/sh;
			shellScript = "/usr/local/bin/carthage copy-frameworks\n";
		};
		DB83882B22467BEC00F9D8C8 /* SwiftFormat */ = {
			isa = PBXShellScriptBuildPhase;
			buildActionMask = 2147483647;
			files = (
			);
			inputFileListPaths = (
			);
			inputPaths = (
			);
			name = SwiftFormat;
			outputFileListPaths = (
			);
			outputPaths = (
			);
			runOnlyForDeploymentPostprocessing = 0;
			shellPath = /bin/sh;
			shellScript = "\"${SRCROOT}/scripts/swiftformat\" \"${SRCROOT}\"\n";
		};
		DB83882C22467D5F00F9D8C8 /* SwiftFormat */ = {
			isa = PBXShellScriptBuildPhase;
			buildActionMask = 2147483647;
			files = (
			);
			inputFileListPaths = (
			);
			inputPaths = (
			);
			name = SwiftFormat;
			outputFileListPaths = (
			);
			outputPaths = (
			);
			runOnlyForDeploymentPostprocessing = 0;
			shellPath = /bin/sh;
			shellScript = "\"${SRCROOT}/scripts/swiftformat\" \"${SRCROOT}\"\n";
		};
/* End PBXShellScriptBuildPhase section */

/* Begin PBXSourcesBuildPhase section */
		DB0403B81C44A017000904DB /* Sources */ = {
			isa = PBXSourcesBuildPhase;
			buildActionMask = 2147483647;
			files = (
				DB1DF4B51F74A3D200EA8E63 /* Mention.swift in Sources */,
				DBC779F31FDB6161006CD115 /* String.swift in Sources */,
				DB6C1C1321B7140100C178AC /* NSRange.swift in Sources */,
				DB1DF4B31F74A2AD00EA8E63 /* Attribute.swift in Sources */,
				DB2330171E24832D00242C33 /* Verifier.swift in Sources */,
				DBE8B4A41C657F200090EF32 /* AttributeContainer.swift in Sources */,
				DB1940B321B9BAC300CE2EDE /* Operators.swift in Sources */,
				DB1DF4BB1F74A66700EA8E63 /* CreateMention.swift in Sources */,
				DB6C1C1121B6BBE500C178AC /* NSAttributedString.swift in Sources */,
				DBE8B4A31C657F200090EF32 /* MentionsArray.swift in Sources */,
				DBE8B4A61C657F200090EF32 /* MentionListener.swift in Sources */,
			);
			runOnlyForDeploymentPostprocessing = 0;
		};
		DBF2DF581C4B1067001B9788 /* Sources */ = {
			isa = PBXSourcesBuildPhase;
			buildActionMask = 2147483647;
			files = (
				DB17C45521B88307003D6740 /* CreateMentionTests.swift in Sources */,
				DB17C44C21B877B4003D6740 /* StringTests.swift in Sources */,
				DB17C44B21B877B1003D6740 /* VerifierTests.swift in Sources */,
				DB17C44921B877AB003D6740 /* MentionsArrayTests.swift in Sources */,
				DB17C44A21B877AF003D6740 /* NSAttributedStringTests.swift in Sources */,
				DB1940B521B9DAAB00CE2EDE /* OperatorsTests.swift in Sources */,
				DB17C45721B88307003D6740 /* MentionsDisplayTests.swift in Sources */,
				DB1940B121B99FDB00CE2EDE /* AttributeContainerTests.swift in Sources */,
				DB17C44821B87623003D6740 /* NSRangeTests.swift in Sources */,
				DB17C45621B88307003D6740 /* DelegatesTests.swift in Sources */,
				DBDC67C121B8B0F0000CF22C /* Helper.swift in Sources */,
				DBDC67BE21B88B0F000CF22C /* AddingMentionsTests.swift in Sources */,
			);
			runOnlyForDeploymentPostprocessing = 0;
		};
/* End PBXSourcesBuildPhase section */

/* Begin PBXTargetDependency section */
		DBF2DF631C4B1067001B9788 /* PBXTargetDependency */ = {
			isa = PBXTargetDependency;
			target = DB0403BC1C44A017000904DB /* SZMentionsSwift */;
			targetProxy = DBF2DF621C4B1067001B9788 /* PBXContainerItemProxy */;
		};
/* End PBXTargetDependency section */

/* Begin XCBuildConfiguration section */
		DB0403CF1C44A017000904DB /* Debug */ = {
			isa = XCBuildConfiguration;
			buildSettings = {
				ALWAYS_SEARCH_USER_PATHS = NO;
				CLANG_CXX_LANGUAGE_STANDARD = "gnu++0x";
				CLANG_CXX_LIBRARY = "libc++";
				CLANG_ENABLE_MODULES = YES;
				CLANG_ENABLE_OBJC_ARC = YES;
				CLANG_WARN_BLOCK_CAPTURE_AUTORELEASING = YES;
				CLANG_WARN_BOOL_CONVERSION = YES;
				CLANG_WARN_COMMA = YES;
				CLANG_WARN_CONSTANT_CONVERSION = YES;
				CLANG_WARN_DEPRECATED_OBJC_IMPLEMENTATIONS = YES;
				CLANG_WARN_DIRECT_OBJC_ISA_USAGE = YES_ERROR;
				CLANG_WARN_EMPTY_BODY = YES;
				CLANG_WARN_ENUM_CONVERSION = YES;
				CLANG_WARN_INFINITE_RECURSION = YES;
				CLANG_WARN_INT_CONVERSION = YES;
				CLANG_WARN_NON_LITERAL_NULL_CONVERSION = YES;
				CLANG_WARN_OBJC_IMPLICIT_RETAIN_SELF = YES;
				CLANG_WARN_OBJC_LITERAL_CONVERSION = YES;
				CLANG_WARN_OBJC_ROOT_CLASS = YES_ERROR;
				CLANG_WARN_RANGE_LOOP_ANALYSIS = YES;
				CLANG_WARN_STRICT_PROTOTYPES = YES;
				CLANG_WARN_SUSPICIOUS_MOVE = YES;
				CLANG_WARN_UNREACHABLE_CODE = YES;
				CLANG_WARN__DUPLICATE_METHOD_MATCH = YES;
				"CODE_SIGN_IDENTITY[sdk=iphoneos*]" = "iPhone Developer";
				COPY_PHASE_STRIP = NO;
				CURRENT_PROJECT_VERSION = 1;
				DEBUG_INFORMATION_FORMAT = dwarf;
				ENABLE_STRICT_OBJC_MSGSEND = YES;
				ENABLE_TESTABILITY = YES;
				GCC_C_LANGUAGE_STANDARD = gnu99;
				GCC_DYNAMIC_NO_PIC = NO;
				GCC_NO_COMMON_BLOCKS = YES;
				GCC_OPTIMIZATION_LEVEL = 0;
				GCC_PREPROCESSOR_DEFINITIONS = (
					"DEBUG=1",
					"$(inherited)",
				);
				GCC_WARN_64_TO_32_BIT_CONVERSION = YES;
				GCC_WARN_ABOUT_RETURN_TYPE = YES_ERROR;
				GCC_WARN_UNDECLARED_SELECTOR = YES;
				GCC_WARN_UNINITIALIZED_AUTOS = YES_AGGRESSIVE;
				GCC_WARN_UNUSED_FUNCTION = YES;
				GCC_WARN_UNUSED_VARIABLE = YES;
				IPHONEOS_DEPLOYMENT_TARGET = 10.1;
				MTL_ENABLE_DEBUG_INFO = YES;
				ONLY_ACTIVE_ARCH = YES;
				SDKROOT = iphoneos;
				SWIFT_OPTIMIZATION_LEVEL = "-Onone";
				SWIFT_VERSION = 4.2;
				TARGETED_DEVICE_FAMILY = "1,2";
				VERSIONING_SYSTEM = "apple-generic";
				VERSION_INFO_PREFIX = "";
			};
			name = Debug;
		};
		DB0403D01C44A017000904DB /* Release */ = {
			isa = XCBuildConfiguration;
			buildSettings = {
				ALWAYS_SEARCH_USER_PATHS = NO;
				CLANG_CXX_LANGUAGE_STANDARD = "gnu++0x";
				CLANG_CXX_LIBRARY = "libc++";
				CLANG_ENABLE_MODULES = YES;
				CLANG_ENABLE_OBJC_ARC = YES;
				CLANG_WARN_BLOCK_CAPTURE_AUTORELEASING = YES;
				CLANG_WARN_BOOL_CONVERSION = YES;
				CLANG_WARN_COMMA = YES;
				CLANG_WARN_CONSTANT_CONVERSION = YES;
				CLANG_WARN_DEPRECATED_OBJC_IMPLEMENTATIONS = YES;
				CLANG_WARN_DIRECT_OBJC_ISA_USAGE = YES_ERROR;
				CLANG_WARN_EMPTY_BODY = YES;
				CLANG_WARN_ENUM_CONVERSION = YES;
				CLANG_WARN_INFINITE_RECURSION = YES;
				CLANG_WARN_INT_CONVERSION = YES;
				CLANG_WARN_NON_LITERAL_NULL_CONVERSION = YES;
				CLANG_WARN_OBJC_IMPLICIT_RETAIN_SELF = YES;
				CLANG_WARN_OBJC_LITERAL_CONVERSION = YES;
				CLANG_WARN_OBJC_ROOT_CLASS = YES_ERROR;
				CLANG_WARN_RANGE_LOOP_ANALYSIS = YES;
				CLANG_WARN_STRICT_PROTOTYPES = YES;
				CLANG_WARN_SUSPICIOUS_MOVE = YES;
				CLANG_WARN_UNREACHABLE_CODE = YES;
				CLANG_WARN__DUPLICATE_METHOD_MATCH = YES;
				"CODE_SIGN_IDENTITY[sdk=iphoneos*]" = "iPhone Developer";
				COPY_PHASE_STRIP = NO;
				CURRENT_PROJECT_VERSION = 1;
				DEBUG_INFORMATION_FORMAT = "dwarf-with-dsym";
				ENABLE_NS_ASSERTIONS = NO;
				ENABLE_STRICT_OBJC_MSGSEND = YES;
				GCC_C_LANGUAGE_STANDARD = gnu99;
				GCC_NO_COMMON_BLOCKS = YES;
				GCC_WARN_64_TO_32_BIT_CONVERSION = YES;
				GCC_WARN_ABOUT_RETURN_TYPE = YES_ERROR;
				GCC_WARN_UNDECLARED_SELECTOR = YES;
				GCC_WARN_UNINITIALIZED_AUTOS = YES_AGGRESSIVE;
				GCC_WARN_UNUSED_FUNCTION = YES;
				GCC_WARN_UNUSED_VARIABLE = YES;
				IPHONEOS_DEPLOYMENT_TARGET = 10.1;
				MTL_ENABLE_DEBUG_INFO = NO;
				SDKROOT = iphoneos;
				SWIFT_OPTIMIZATION_LEVEL = "-Owholemodule";
				SWIFT_VERSION = 4.2;
				TARGETED_DEVICE_FAMILY = "1,2";
				VALIDATE_PRODUCT = YES;
				VERSIONING_SYSTEM = "apple-generic";
				VERSION_INFO_PREFIX = "";
			};
			name = Release;
		};
		DB0403D21C44A017000904DB /* Debug */ = {
			isa = XCBuildConfiguration;
			buildSettings = {
				"CODE_SIGN_IDENTITY[sdk=iphoneos*]" = "";
				DEFINES_MODULE = YES;
				DYLIB_COMPATIBILITY_VERSION = 1;
				DYLIB_CURRENT_VERSION = 1;
				DYLIB_INSTALL_NAME_BASE = "@rpath";
				INFOPLIST_FILE = Info.plist;
				INSTALL_PATH = "$(LOCAL_LIBRARY_DIR)/Frameworks";
				LD_RUNPATH_SEARCH_PATHS = "$(inherited) @executable_path/Frameworks @loader_path/Frameworks";
				PRODUCT_BUNDLE_IDENTIFIER = com.StevenZweier.SZMentionsSwift;
				PRODUCT_NAME = "$(TARGET_NAME)";
				SKIP_INSTALL = YES;
				SWIFT_VERSION = 4.2;
			};
			name = Debug;
		};
		DB0403D31C44A017000904DB /* Release */ = {
			isa = XCBuildConfiguration;
			buildSettings = {
				"CODE_SIGN_IDENTITY[sdk=iphoneos*]" = "";
				DEFINES_MODULE = YES;
				DYLIB_COMPATIBILITY_VERSION = 1;
				DYLIB_CURRENT_VERSION = 1;
				DYLIB_INSTALL_NAME_BASE = "@rpath";
				INFOPLIST_FILE = Info.plist;
				INSTALL_PATH = "$(LOCAL_LIBRARY_DIR)/Frameworks";
				LD_RUNPATH_SEARCH_PATHS = "$(inherited) @executable_path/Frameworks @loader_path/Frameworks";
				PRODUCT_BUNDLE_IDENTIFIER = com.StevenZweier.SZMentionsSwift;
				PRODUCT_NAME = "$(TARGET_NAME)";
				SKIP_INSTALL = YES;
				SWIFT_VERSION = 4.2;
			};
			name = Release;
		};
		DBF2DF641C4B1067001B9788 /* Debug */ = {
			isa = XCBuildConfiguration;
			buildSettings = {
				CODE_SIGN_STYLE = Manual;
				DEVELOPMENT_TEAM = "";
				FRAMEWORK_SEARCH_PATHS = (
					"$(inherited)",
					"$(PROJECT_DIR)/Carthage/Build/iOS",
					"$(PROJECT_DIR)/Carthage/Build/Mac",
				);
				INFOPLIST_FILE = SZMentionsSwiftTests/Info.plist;
				LD_RUNPATH_SEARCH_PATHS = "$(inherited) @executable_path/Frameworks @loader_path/Frameworks";
				PRODUCT_BUNDLE_IDENTIFIER = com.StevenZweier.SZMentionsSwiftTests;
				PRODUCT_NAME = "$(TARGET_NAME)";
				PROVISIONING_PROFILE_SPECIFIER = "";
				SWIFT_VERSION = 4.2;
			};
			name = Debug;
		};
		DBF2DF651C4B1067001B9788 /* Release */ = {
			isa = XCBuildConfiguration;
			buildSettings = {
				CODE_SIGN_STYLE = Manual;
				DEVELOPMENT_TEAM = "";
				FRAMEWORK_SEARCH_PATHS = (
					"$(inherited)",
					"$(PROJECT_DIR)/Carthage/Build/iOS",
					"$(PROJECT_DIR)/Carthage/Build/Mac",
				);
				INFOPLIST_FILE = SZMentionsSwiftTests/Info.plist;
				LD_RUNPATH_SEARCH_PATHS = "$(inherited) @executable_path/Frameworks @loader_path/Frameworks";
				PRODUCT_BUNDLE_IDENTIFIER = com.StevenZweier.SZMentionsSwiftTests;
				PRODUCT_NAME = "$(TARGET_NAME)";
				PROVISIONING_PROFILE_SPECIFIER = "";
				SWIFT_VERSION = 4.2;
			};
			name = Release;
		};
/* End XCBuildConfiguration section */

/* Begin XCConfigurationList section */
		DB0403B71C44A017000904DB /* Build configuration list for PBXProject "SZMentionsSwift" */ = {
			isa = XCConfigurationList;
			buildConfigurations = (
				DB0403CF1C44A017000904DB /* Debug */,
				DB0403D01C44A017000904DB /* Release */,
			);
			defaultConfigurationIsVisible = 0;
			defaultConfigurationName = Release;
		};
		DB0403D11C44A017000904DB /* Build configuration list for PBXNativeTarget "SZMentionsSwift" */ = {
			isa = XCConfigurationList;
			buildConfigurations = (
				DB0403D21C44A017000904DB /* Debug */,
				DB0403D31C44A017000904DB /* Release */,
			);
			defaultConfigurationIsVisible = 0;
			defaultConfigurationName = Release;
		};
		DBF2DF661C4B1067001B9788 /* Build configuration list for PBXNativeTarget "SZMentionsSwiftTests" */ = {
			isa = XCConfigurationList;
			buildConfigurations = (
				DBF2DF641C4B1067001B9788 /* Debug */,
				DBF2DF651C4B1067001B9788 /* Release */,
			);
			defaultConfigurationIsVisible = 0;
			defaultConfigurationName = Release;
		};
/* End XCConfigurationList section */
	};
	rootObject = DB0403B41C44A017000904DB /* Project object */;
}
